
Microsoft Visual Studio Solution File, Format Version 12.00
# Visual Studio Version 17
VisualStudioVersion = 17.6.33829.357
MinimumVisualStudioVersion = 10.0.40219.1
Project("{FAE04EC0-301F-11D3-BF4B-00C04F79EFBC}") = "Dama", "Dama\Dama.csproj", "{EC27D48E-4A2C-4267-A0DA-96710E9BAC89}"
EndProject
Global
	GlobalSection(SolutionConfigurationPlatforms) = preSolution
		Debug|Any CPU = Debug|Any CPU
		Release|Any CPU = Release|Any CPU
	EndGlobalSection
	GlobalSection(ProjectConfigurationPlatforms) = postSolution
		{EC27D48E-4A2C-4267-A0DA-96710E9BAC89}.Debug|Any CPU.ActiveCfg = Debug|Any CPU
		{EC27D48E-4A2C-4267-A0DA-96710E9BAC89}.Debug|Any CPU.Build.0 = Debug|Any CPU
		{EC27D48E-4A2C-4267-A0DA-96710E9BAC89}.Release|Any CPU.ActiveCfg = Release|Any CPU
		{EC27D48E-4A2C-4267-A0DA-96710E9BAC89}.Release|Any CPU.Build.0 = Release|Any CPU
	EndGlobalSection
	GlobalSection(SolutionProperties) = preSolution
		HideSolutionNode = FALSE
	EndGlobalSection
	GlobalSection(ExtensibilityGlobals) = postSolution
		SolutionGuid = {D97EA52B-8B27-46C3-AE02-9C2C1DF3429E}
	EndGlobalSection
EndGlobal
